{
  "nodes": {
    "flake-compat": {
      "locked": {
        "lastModified": 1747046372,
        "narHash": "sha256-CIVLLkVgvHYbgI2UpXvIIBJ12HWgX+fjA8Xf8PUmqCY=",
        "owner": "edolstra",
        "repo": "flake-compat",
        "rev": "9100a0f413b0c601e0533d1d94ffd501ce2e7885",
        "type": "github"
      },
      "original": {
        "owner": "edolstra",
        "repo": "flake-compat",
        "type": "github"
      }
    },
    "flake-compat_2": {
      "locked": {
        "lastModified": 1747046372,
        "narHash": "sha256-CIVLLkVgvHYbgI2UpXvIIBJ12HWgX+fjA8Xf8PUmqCY=",
        "owner": "edolstra",
        "repo": "flake-compat",
        "rev": "9100a0f413b0c601e0533d1d94ffd501ce2e7885",
        "type": "github"
      },
      "original": {
        "owner": "edolstra",
        "repo": "flake-compat",
        "type": "github"
      }
    },
    "limwa": {
      "inputs": {
        "flake-compat": "flake-compat_2",
        "nixpkgs": [
          "nixpkgs"
        ],
        "utils": "utils"
      },
      "locked": {
        "lastModified": 1759618131,
        "narHash": "sha256-bh4Nt8NdcFECqBwsccNPRCAkM8JWMPqOX5iqycyqwi4=",
        "owner": "limwa",
        "repo": "nix-registry",
        "rev": "39e71530a7da54edf28708061717129ab3ba3734",
        "type": "github"
      },
      "original": {
        "owner": "limwa",
        "repo": "nix-registry",
        "type": "github"
      }
    },
    "nixpkgs": {
      "locked": {
        "lastModified": 1760379921,
        "narHash": "sha256-9CaM0dyrJkbLRvGKYINIcJAdPbdFRyRBRQIxkNVrqQY=",
        "owner": "nixos",
        "repo": "nixpkgs",
        "rev": "9bd2ca8c355f95b750d2864533a74b7d90287f59",
        "type": "github"
      },
      "original": {
        "owner": "nixos",
        "ref": "pull/450619/merge",
        "repo": "nixpkgs",
        "type": "github"
      }
    },
    "root": {
      "inputs": {
        "flake-compat": "flake-compat",
        "limwa": "limwa",
        "nixpkgs": "nixpkgs",
        "utils": "utils_2"
      }
    },
    "systems": {
      "locked": {
        "lastModified": 1681028828,
        "narHash": "sha256-Vy1rq5AaRuLzOxct8nz4T6wlgyUR7zLU309k9mBC768=",
        "owner": "nix-systems",
        "repo": "default",
        "rev": "da67096a3b9bf56a91d16901293e51ba5b49a27e",
        "type": "github"
      },
      "original": {
        "owner": "nix-systems",
        "repo": "default",
        "type": "github"
      }
    },
    "systems_2": {
      "locked": {
        "lastModified": 1681028828,
        "narHash": "sha256-Vy1rq5AaRuLzOxct8nz4T6wlgyUR7zLU309k9mBC768=",
        "owner": "nix-systems",
        "repo": "default",
        "rev": "da67096a3b9bf56a91d16901293e51ba5b49a27e",
        "type": "github"
      },
      "original": {
        "owner": "nix-systems",
        "repo": "default",
        "type": "github"
      }
    },
    "utils": {
      "inputs": {
        "systems": "systems"
      },
      "locked": {
        "lastModified": 1750097467,
        "narHash": "sha256-/znllFZ9KtlGSUUALds+ziBuRZa553PFyG0PH1wxkSM=",
        "owner": "limwa",
        "repo": "nix-flake-utils",
        "rev": "be2d710203df176f33482c8b335d93b421e05d3b",
        "type": "github"
      },
      "original": {
        "owner": "limwa",
        "repo": "nix-flake-utils",
        "type": "github"
      }
    },
    "utils_2": {
      "inputs": {
        "systems": "systems_2"
      },
      "locked": {
        "lastModified": 1750097467,
        "narHash": "sha256-/znllFZ9KtlGSUUALds+ziBuRZa553PFyG0PH1wxkSM=",
        "owner": "limwa",
        "repo": "nix-flake-utils",
        "rev": "be2d710203df176f33482c8b335d93b421e05d3b",
        "type": "github"
      },
      "original": {
        "owner": "limwa",
        "repo": "nix-flake-utils",
        "type": "github"
      }
    }
  },
  "root": "root",
  "version": 7
}
