{
  "nodes": {
    "flake-compat": {
      "locked": {
        "lastModified": 1767039857,
        "narHash": "sha256-vNpUSpF5Nuw8xvDLj2KCwwksIbjua2LZCqhV1LNRDns=",
        "owner": "edolstra",
        "repo": "flake-compat",
        "rev": "5edf11c44bc78a0d334f6334cdaf7d60d732daab",
        "type": "github"
      },
      "original": {
        "owner": "edolstra",
        "repo": "flake-compat",
        "type": "github"
      }
    },
    "flake-compat_2": {
      "locked": {
        "lastModified": 1767039857,
        "narHash": "sha256-vNpUSpF5Nuw8xvDLj2KCwwksIbjua2LZCqhV1LNRDns=",
        "owner": "edolstra",
        "repo": "flake-compat",
        "rev": "5edf11c44bc78a0d334f6334cdaf7d60d732daab",
        "type": "github"
      },
      "original": {
        "owner": "edolstra",
        "repo": "flake-compat",
        "type": "github"
      }
    },
    "limwa": {
      "inputs": {
        "flake-compat": "flake-compat_2",
        "nixpkgs": [
          "nixpkgs"
        ],
        "systems": "systems",
        "utils": "utils"
      },
      "locked": {
        "lastModified": 1783904771,
        "narHash": "sha256-+EJIPXEPULUA9/knjVW6KfM81SBSrdGDfjXHYq/O2fA=",
        "owner": "limwa",
        "repo": "nix-registry",
        "rev": "c5cb4940aebae3a3083ed226233b710e6a93241a",
        "type": "github"
      },
      "original": {
        "owner": "limwa",
        "repo": "nix-registry",
        "type": "github"
      }
    },
    "nixpkgs": {
      "locked": {
        "lastModified": 1789006805,
        "narHash": "sha256-xB8mKMOx1IA9vTDNLmJZ6n4wCMq/cuWBBOzGCRnqxrU=",
        "owner": "nixos",
        "repo": "nixpkgs",
        "rev": "8ce4ef6cb6f871616146b9fe26d2a5ae594e94fe",
        "type": "github"
      },
      "original": {
        "owner": "nixos",
        "ref": "nixos-unstable",
        "repo": "nixpkgs",
        "type": "github"
      }
    },
    "root": {
      "inputs": {
        "flake-compat": "flake-compat",
        "limwa": "limwa",
        "nixpkgs": "nixpkgs",
        "utils": "utils_2"
      }
    },
    "systems": {
      "locked": {
        "lastModified": 1774449309,
        "narHash": "sha256-brhZ8DmuGtzkCYHJg4HEd602amKm89Y9ytsFZ5uWD1w=",
        "owner": "nix-systems",
        "repo": "default",
        "rev": "c29398b59d2048c4ab79345812849c9bd15e9150",
        "type": "github"
      },
      "original": {
        "owner": "nix-systems",
        "ref": "future-26.11",
        "repo": "default",
        "type": "github"
      }
    },
    "systems_2": {
      "locked": {
        "lastModified": 1681028828,
        "narHash": "sha256-Vy1rq5AaRuLzOxct8nz4T6wlgyUR7zLU309k9mBC768=",
        "owner": "nix-systems",
        "repo": "default",
        "rev": "da67096a3b9bf56a91d16901293e51ba5b49a27e",
        "type": "github"
      },
      "original": {
        "owner": "nix-systems",
        "repo": "default",
        "type": "github"
      }
    },
    "utils": {
      "inputs": {
        "systems": [
          "limwa",
          "systems"
        ]
      },
      "locked": {
        "lastModified": 1750097467,
        "narHash": "sha256-/znllFZ9KtlGSUUALds+ziBuRZa553PFyG0PH1wxkSM=",
        "owner": "limwa",
        "repo": "nix-flake-utils",
        "rev": "be2d710203df176f33482c8b335d93b421e05d3b",
        "type": "github"
      },
      "original": {
        "owner": "limwa",
        "repo": "nix-flake-utils",
        "type": "github"
      }
    },
    "utils_2": {
      "inputs": {
        "systems": "systems_2"
      },
      "locked": {
        "lastModified": 1750097467,
        "narHash": "sha256-/znllFZ9KtlGSUUALds+ziBuRZa553PFyG0PH1wxkSM=",
        "owner": "limwa",
        "repo": "nix-flake-utils",
        "rev": "be2d710203df176f33482c8b335d93b421e05d3b",
        "type": "github"
      },
      "original": {
        "owner": "limwa",
        "repo": "nix-flake-utils",
        "type": "github"
      }
    }
  },
  "root": "root",
  "version": 7
}
